
Microsoft Visual Studio Solution File, Format Version 12.00
# Visual Studio Version 17
VisualStudioVersion = 17.5.33530.505
MinimumVisualStudioVersion = 10.0.40219.1
Project("{FAE04EC0-301F-11D3-BF4B-00C04F79EFBC}") = "P23524052023", "P23524052023\P23524052023.csproj", "{35BBD986-19F0-42EE-A00D-EC4C17659291}"
EndProject
Global
	GlobalSection(SolutionConfigurationPlatforms) = preSolution
		Debug|Any CPU = Debug|Any CPU
		Release|Any CPU = Release|Any CPU
	EndGlobalSection
	GlobalSection(ProjectConfigurationPlatforms) = postSolution
		{35BBD986-19F0-42EE-A00D-EC4C17659291}.Debug|Any CPU.ActiveCfg = Debug|Any CPU
		{35BBD986-19F0-42EE-A00D-EC4C17659291}.Debug|Any CPU.Build.0 = Debug|Any CPU
		{35BBD986-19F0-42EE-A00D-EC4C17659291}.Release|Any CPU.ActiveCfg = Release|Any CPU
		{35BBD986-19F0-42EE-A00D-EC4C17659291}.Release|Any CPU.Build.0 = Release|Any CPU
	EndGlobalSection
	GlobalSection(SolutionProperties) = preSolution
		HideSolutionNode = FALSE
	EndGlobalSection
	GlobalSection(ExtensibilityGlobals) = postSolution
		SolutionGuid = {08E559D6-4F16-4794-8004-1C5F98FD7719}
	EndGlobalSection
EndGlobal
